
Microsoft Visual Studio Solution File, Format Version 12.00
# Visual Studio Version 16
VisualStudioVersion = 16.0.30114.105
MinimumVisualStudioVersion = 10.0.40219.1
Project("{FAE04EC0-301F-11D3-BF4B-00C04F79EFBC}") = "R5T.D1001.A001", "R5T.D1001.A001\R5T.D1001.A001.csproj", "{5F918005-CD26-4436-BAA0-A6B5A315C48E}"
EndProject
Project("{FAE04EC0-301F-11D3-BF4B-00C04F79EFBC}") = "R5T.D1001.Base", "R5T.D1001.Base\R5T.D1001.Base.csproj", "{BBBBB9A7-3804-4D40-9AA0-534B81841821}"
EndProject
Project("{FAE04EC0-301F-11D3-BF4B-00C04F79EFBC}") = "R5T.D1001.Construction", "R5T.D1001.Construction\R5T.D1001.Construction.csproj", "{A28DDFEA-7E34-40B9-8F03-AEE1DFDEDB2A}"
EndProject
Project("{FAE04EC0-301F-11D3-BF4B-00C04F79EFBC}") = "R5T.D1001.D001.Base", "R5T.D1001.D001.Base\R5T.D1001.D001.Base.csproj", "{B8C3F492-D22E-48CF-A0EB-09918C646E0E}"
EndProject
Project("{FAE04EC0-301F-11D3-BF4B-00C04F79EFBC}") = "R5T.D1001.D001.I001", "R5T.D1001.D001.I001\R5T.D1001.D001.I001.csproj", "{4F7A18CA-C03A-40EE-8D86-82A6B5FEB640}"
EndProject
Project("{FAE04EC0-301F-11D3-BF4B-00C04F79EFBC}") = "R5T.D1001.I001", "R5T.D1001.I001\R5T.D1001.I001.csproj", "{1899E410-C8AF-4886-92B1-FDAA0B933445}"
EndProject
Global
	GlobalSection(SolutionConfigurationPlatforms) = preSolution
		Debug|Any CPU = Debug|Any CPU
		Debug|x64 = Debug|x64
		Debug|x86 = Debug|x86
		Release|Any CPU = Release|Any CPU
		Release|x64 = Release|x64
		Release|x86 = Release|x86
	EndGlobalSection
	GlobalSection(SolutionProperties) = preSolution
		HideSolutionNode = FALSE
	EndGlobalSection
	GlobalSection(ProjectConfigurationPlatforms) = postSolution
		{5F918005-CD26-4436-BAA0-A6B5A315C48E}.Debug|Any CPU.ActiveCfg = Debug|Any CPU
		{5F918005-CD26-4436-BAA0-A6B5A315C48E}.Debug|Any CPU.Build.0 = Debug|Any CPU
		{5F918005-CD26-4436-BAA0-A6B5A315C48E}.Debug|x64.ActiveCfg = Debug|Any CPU
		{5F918005-CD26-4436-BAA0-A6B5A315C48E}.Debug|x64.Build.0 = Debug|Any CPU
		{5F918005-CD26-4436-BAA0-A6B5A315C48E}.Debug|x86.ActiveCfg = Debug|Any CPU
		{5F918005-CD26-4436-BAA0-A6B5A315C48E}.Debug|x86.Build.0 = Debug|Any CPU
		{5F918005-CD26-4436-BAA0-A6B5A315C48E}.Release|Any CPU.ActiveCfg = Release|Any CPU
		{5F918005-CD26-4436-BAA0-A6B5A315C48E}.Release|Any CPU.Build.0 = Release|Any CPU
		{5F918005-CD26-4436-BAA0-A6B5A315C48E}.Release|x64.ActiveCfg = Release|Any CPU
		{5F918005-CD26-4436-BAA0-A6B5A315C48E}.Release|x64.Build.0 = Release|Any CPU
		{5F918005-CD26-4436-BAA0-A6B5A315C48E}.Release|x86.ActiveCfg = Release|Any CPU
		{5F918005-CD26-4436-BAA0-A6B5A315C48E}.Release|x86.Build.0 = Release|Any CPU
		{BBBBB9A7-3804-4D40-9AA0-534B81841821}.Debug|Any CPU.ActiveCfg = Debug|Any CPU
		{BBBBB9A7-3804-4D40-9AA0-534B81841821}.Debug|Any CPU.Build.0 = Debug|Any CPU
		{BBBBB9A7-3804-4D40-9AA0-534B81841821}.Debug|x64.ActiveCfg = Debug|Any CPU
		{BBBBB9A7-3804-4D40-9AA0-534B81841821}.Debug|x64.Build.0 = Debug|Any CPU
		{BBBBB9A7-3804-4D40-9AA0-534B81841821}.Debug|x86.ActiveCfg = Debug|Any CPU
		{BBBBB9A7-3804-4D40-9AA0-534B81841821}.Debug|x86.Build.0 = Debug|Any CPU
		{BBBBB9A7-3804-4D40-9AA0-534B81841821}.Release|Any CPU.ActiveCfg = Release|Any CPU
		{BBBBB9A7-3804-4D40-9AA0-534B81841821}.Release|Any CPU.Build.0 = Release|Any CPU
		{BBBBB9A7-3804-4D40-9AA0-534B81841821}.Release|x64.ActiveCfg = Release|Any CPU
		{BBBBB9A7-3804-4D40-9AA0-534B81841821}.Release|x64.Build.0 = Release|Any CPU
		{BBBBB9A7-3804-4D40-9AA0-534B81841821}.Release|x86.ActiveCfg = Release|Any CPU
		{BBBBB9A7-3804-4D40-9AA0-534B81841821}.Release|x86.Build.0 = Release|Any CPU
		{A28DDFEA-7E34-40B9-8F03-AEE1DFDEDB2A}.Debug|Any CPU.ActiveCfg = Debug|Any CPU
		{A28DDFEA-7E34-40B9-8F03-AEE1DFDEDB2A}.Debug|Any CPU.Build.0 = Debug|Any CPU
		{A28DDFEA-7E34-40B9-8F03-AEE1DFDEDB2A}.Debug|x64.ActiveCfg = Debug|Any CPU
		{A28DDFEA-7E34-40B9-8F03-AEE1DFDEDB2A}.Debug|x64.Build.0 = Debug|Any CPU
		{A28DDFEA-7E34-40B9-8F03-AEE1DFDEDB2A}.Debug|x86.ActiveCfg = Debug|Any CPU
		{A28DDFEA-7E34-40B9-8F03-AEE1DFDEDB2A}.Debug|x86.Build.0 = Debug|Any CPU
		{A28DDFEA-7E34-40B9-8F03-AEE1DFDEDB2A}.Release|Any CPU.ActiveCfg = Release|Any CPU
		{A28DDFEA-7E34-40B9-8F03-AEE1DFDEDB2A}.Release|Any CPU.Build.0 = Release|Any CPU
		{A28DDFEA-7E34-40B9-8F03-AEE1DFDEDB2A}.Release|x64.ActiveCfg = Release|Any CPU
		{A28DDFEA-7E34-40B9-8F03-AEE1DFDEDB2A}.Release|x64.Build.0 = Release|Any CPU
		{A28DDFEA-7E34-40B9-8F03-AEE1DFDEDB2A}.Release|x86.ActiveCfg = Release|Any CPU
		{A28DDFEA-7E34-40B9-8F03-AEE1DFDEDB2A}.Release|x86.Build.0 = Release|Any CPU
		{B8C3F492-D22E-48CF-A0EB-09918C646E0E}.Debug|Any CPU.ActiveCfg = Debug|Any CPU
		{B8C3F492-D22E-48CF-A0EB-09918C646E0E}.Debug|Any CPU.Build.0 = Debug|Any CPU
		{B8C3F492-D22E-48CF-A0EB-09918C646E0E}.Debug|x64.ActiveCfg = Debug|Any CPU
		{B8C3F492-D22E-48CF-A0EB-09918C646E0E}.Debug|x64.Build.0 = Debug|Any CPU
		{B8C3F492-D22E-48CF-A0EB-09918C646E0E}.Debug|x86.ActiveCfg = Debug|Any CPU
		{B8C3F492-D22E-48CF-A0EB-09918C646E0E}.Debug|x86.Build.0 = Debug|Any CPU
		{B8C3F492-D22E-48CF-A0EB-09918C646E0E}.Release|Any CPU.ActiveCfg = Release|Any CPU
		{B8C3F492-D22E-48CF-A0EB-09918C646E0E}.Release|Any CPU.Build.0 = Release|Any CPU
		{B8C3F492-D22E-48CF-A0EB-09918C646E0E}.Release|x64.ActiveCfg = Release|Any CPU
		{B8C3F492-D22E-48CF-A0EB-09918C646E0E}.Release|x64.Build.0 = Release|Any CPU
		{B8C3F492-D22E-48CF-A0EB-09918C646E0E}.Release|x86.ActiveCfg = Release|Any CPU
		{B8C3F492-D22E-48CF-A0EB-09918C646E0E}.Release|x86.Build.0 = Release|Any CPU
		{4F7A18CA-C03A-40EE-8D86-82A6B5FEB640}.Debug|Any CPU.ActiveCfg = Debug|Any CPU
		{4F7A18CA-C03A-40EE-8D86-82A6B5FEB640}.Debug|Any CPU.Build.0 = Debug|Any CPU
		{4F7A18CA-C03A-40EE-8D86-82A6B5FEB640}.Debug|x64.ActiveCfg = Debug|Any CPU
		{4F7A18CA-C03A-40EE-8D86-82A6B5FEB640}.Debug|x64.Build.0 = Debug|Any CPU
		{4F7A18CA-C03A-40EE-8D86-82A6B5FEB640}.Debug|x86.ActiveCfg = Debug|Any CPU
		{4F7A18CA-C03A-40EE-8D86-82A6B5FEB640}.Debug|x86.Build.0 = Debug|Any CPU
		{4F7A18CA-C03A-40EE-8D86-82A6B5FEB640}.Release|Any CPU.ActiveCfg = Release|Any CPU
		{4F7A18CA-C03A-40EE-8D86-82A6B5FEB640}.Release|Any CPU.Build.0 = Release|Any CPU
		{4F7A18CA-C03A-40EE-8D86-82A6B5FEB640}.Release|x64.ActiveCfg = Release|Any CPU
		{4F7A18CA-C03A-40EE-8D86-82A6B5FEB640}.Release|x64.Build.0 = Release|Any CPU
		{4F7A18CA-C03A-40EE-8D86-82A6B5FEB640}.Release|x86.ActiveCfg = Release|Any CPU
		{4F7A18CA-C03A-40EE-8D86-82A6B5FEB640}.Release|x86.Build.0 = Release|Any CPU
		{1899E410-C8AF-4886-92B1-FDAA0B933445}.Debug|Any CPU.ActiveCfg = Debug|Any CPU
		{1899E410-C8AF-4886-92B1-FDAA0B933445}.Debug|Any CPU.Build.0 = Debug|Any CPU
		{1899E410-C8AF-4886-92B1-FDAA0B933445}.Debug|x64.ActiveCfg = Debug|Any CPU
		{1899E410-C8AF-4886-92B1-FDAA0B933445}.Debug|x64.Build.0 = Debug|Any CPU
		{1899E410-C8AF-4886-92B1-FDAA0B933445}.Debug|x86.ActiveCfg = Debug|Any CPU
		{1899E410-C8AF-4886-92B1-FDAA0B933445}.Debug|x86.Build.0 = Debug|Any CPU
		{1899E410-C8AF-4886-92B1-FDAA0B933445}.Release|Any CPU.ActiveCfg = Release|Any CPU
		{1899E410-C8AF-4886-92B1-FDAA0B933445}.Release|Any CPU.Build.0 = Release|Any CPU
		{1899E410-C8AF-4886-92B1-FDAA0B933445}.Release|x64.ActiveCfg = Release|Any CPU
		{1899E410-C8AF-4886-92B1-FDAA0B933445}.Release|x64.Build.0 = Release|Any CPU
		{1899E410-C8AF-4886-92B1-FDAA0B933445}.Release|x86.ActiveCfg = Release|Any CPU
		{1899E410-C8AF-4886-92B1-FDAA0B933445}.Release|x86.Build.0 = Release|Any CPU
	EndGlobalSection
EndGlobal
