
Microsoft Visual Studio Solution File, Format Version 12.00
# Visual Studio Version 16
VisualStudioVersion = 16.6.30114.105
MinimumVisualStudioVersion = 10.0.40219.1
Project("{9A19103F-16F7-4668-BE54-9A1E7A4F7556}") = "R5T.D1001.A001", "R5T.D1001.A001\R5T.D1001.A001.csproj", "{845E6D6D-69A7-4A4D-8916-7F18AC0E3C05}"
EndProject
Project("{9A19103F-16F7-4668-BE54-9A1E7A4F7556}") = "R5T.D1001.I001", "R5T.D1001.I001\R5T.D1001.I001.csproj", "{4EA83837-915A-4664-9E48-9F9BDDEFF66F}"
EndProject
Project("{9A19103F-16F7-4668-BE54-9A1E7A4F7556}") = "R5T.D1001.Base", "R5T.D1001.Base\R5T.D1001.Base.csproj", "{71F6BD94-AA16-4B55-AD32-220C45AF543B}"
EndProject
Project("{2150E333-8FDC-42A3-9474-1A3956D46DE8}") = "_Dependencies", "_Dependencies", "{2572162A-151F-4A62-A534-FFECC1F6F6F1}"
EndProject
Project("{9A19103F-16F7-4668-BE54-9A1E7A4F7556}") = "R5T.T0062.X001", "..\..\R5T.T0062\source\R5T.T0062.X001\R5T.T0062.X001.csproj", "{E842F16F-C522-4762-9158-70BB76A5F250}"
EndProject
Project("{9A19103F-16F7-4668-BE54-9A1E7A4F7556}") = "R5T.T0063", "..\..\R5T.T0063\source\R5T.T0063\R5T.T0063.csproj", "{329A2A35-B79D-481E-B9D6-D9E40F53BF5E}"
EndProject
Project("{9A19103F-16F7-4668-BE54-9A1E7A4F7556}") = "R5T.L0013", "..\..\R5T.L0013\source\R5T.L0013\R5T.L0013.csproj", "{E707EF41-A12E-4F05-976D-FA5785609820}"
EndProject
Project("{9A19103F-16F7-4668-BE54-9A1E7A4F7556}") = "R5T.T0062", "..\..\R5T.T0062\source\R5T.T0062\R5T.T0062.csproj", "{DC18FE9B-F2C9-4353-B965-8320DB33648D}"
EndProject
Project("{9A19103F-16F7-4668-BE54-9A1E7A4F7556}") = "R5T.T0039.T002", "..\..\R5T.T0039\source\R5T.T0039.T002\R5T.T0039.T002.csproj", "{C909DDFF-744F-4CCD-9780-D22E259A6E17}"
EndProject
Project("{9A19103F-16F7-4668-BE54-9A1E7A4F7556}") = "R5T.T0064", "..\..\R5T.T0064\source\R5T.T0064\R5T.T0064.csproj", "{2FB15E13-01DE-41B2-8B05-CB4EDE80663C}"
EndProject
Project("{9A19103F-16F7-4668-BE54-9A1E7A4F7556}") = "R5T.Magyar", "..\..\R5T.Magyar\source\R5T.Magyar\R5T.Magyar.csproj", "{7FB6562D-4D3B-4C06-BEBE-B9675ED06F7A}"
EndProject
Global
	GlobalSection(SolutionConfigurationPlatforms) = preSolution
		Debug|Any CPU = Debug|Any CPU
		Debug|x64 = Debug|x64
		Debug|x86 = Debug|x86
		Release|Any CPU = Release|Any CPU
		Release|x64 = Release|x64
		Release|x86 = Release|x86
	EndGlobalSection
	GlobalSection(ProjectConfigurationPlatforms) = postSolution
		{845E6D6D-69A7-4A4D-8916-7F18AC0E3C05}.Debug|Any CPU.ActiveCfg = Debug|Any CPU
		{845E6D6D-69A7-4A4D-8916-7F18AC0E3C05}.Debug|Any CPU.Build.0 = Debug|Any CPU
		{845E6D6D-69A7-4A4D-8916-7F18AC0E3C05}.Debug|x64.ActiveCfg = Debug|Any CPU
		{845E6D6D-69A7-4A4D-8916-7F18AC0E3C05}.Debug|x64.Build.0 = Debug|Any CPU
		{845E6D6D-69A7-4A4D-8916-7F18AC0E3C05}.Debug|x86.ActiveCfg = Debug|Any CPU
		{845E6D6D-69A7-4A4D-8916-7F18AC0E3C05}.Debug|x86.Build.0 = Debug|Any CPU
		{845E6D6D-69A7-4A4D-8916-7F18AC0E3C05}.Release|Any CPU.ActiveCfg = Release|Any CPU
		{845E6D6D-69A7-4A4D-8916-7F18AC0E3C05}.Release|Any CPU.Build.0 = Release|Any CPU
		{845E6D6D-69A7-4A4D-8916-7F18AC0E3C05}.Release|x64.ActiveCfg = Release|Any CPU
		{845E6D6D-69A7-4A4D-8916-7F18AC0E3C05}.Release|x64.Build.0 = Release|Any CPU
		{845E6D6D-69A7-4A4D-8916-7F18AC0E3C05}.Release|x86.ActiveCfg = Release|Any CPU
		{845E6D6D-69A7-4A4D-8916-7F18AC0E3C05}.Release|x86.Build.0 = Release|Any CPU
		{4EA83837-915A-4664-9E48-9F9BDDEFF66F}.Debug|Any CPU.ActiveCfg = Debug|Any CPU
		{4EA83837-915A-4664-9E48-9F9BDDEFF66F}.Debug|Any CPU.Build.0 = Debug|Any CPU
		{4EA83837-915A-4664-9E48-9F9BDDEFF66F}.Debug|x64.ActiveCfg = Debug|Any CPU
		{4EA83837-915A-4664-9E48-9F9BDDEFF66F}.Debug|x64.Build.0 = Debug|Any CPU
		{4EA83837-915A-4664-9E48-9F9BDDEFF66F}.Debug|x86.ActiveCfg = Debug|Any CPU
		{4EA83837-915A-4664-9E48-9F9BDDEFF66F}.Debug|x86.Build.0 = Debug|Any CPU
		{4EA83837-915A-4664-9E48-9F9BDDEFF66F}.Release|Any CPU.ActiveCfg = Release|Any CPU
		{4EA83837-915A-4664-9E48-9F9BDDEFF66F}.Release|Any CPU.Build.0 = Release|Any CPU
		{4EA83837-915A-4664-9E48-9F9BDDEFF66F}.Release|x64.ActiveCfg = Release|Any CPU
		{4EA83837-915A-4664-9E48-9F9BDDEFF66F}.Release|x64.Build.0 = Release|Any CPU
		{4EA83837-915A-4664-9E48-9F9BDDEFF66F}.Release|x86.ActiveCfg = Release|Any CPU
		{4EA83837-915A-4664-9E48-9F9BDDEFF66F}.Release|x86.Build.0 = Release|Any CPU
		{71F6BD94-AA16-4B55-AD32-220C45AF543B}.Debug|Any CPU.ActiveCfg = Debug|Any CPU
		{71F6BD94-AA16-4B55-AD32-220C45AF543B}.Debug|Any CPU.Build.0 = Debug|Any CPU
		{71F6BD94-AA16-4B55-AD32-220C45AF543B}.Debug|x64.ActiveCfg = Debug|Any CPU
		{71F6BD94-AA16-4B55-AD32-220C45AF543B}.Debug|x64.Build.0 = Debug|Any CPU
		{71F6BD94-AA16-4B55-AD32-220C45AF543B}.Debug|x86.ActiveCfg = Debug|Any CPU
		{71F6BD94-AA16-4B55-AD32-220C45AF543B}.Debug|x86.Build.0 = Debug|Any CPU
		{71F6BD94-AA16-4B55-AD32-220C45AF543B}.Release|Any CPU.ActiveCfg = Release|Any CPU
		{71F6BD94-AA16-4B55-AD32-220C45AF543B}.Release|Any CPU.Build.0 = Release|Any CPU
		{71F6BD94-AA16-4B55-AD32-220C45AF543B}.Release|x64.ActiveCfg = Release|Any CPU
		{71F6BD94-AA16-4B55-AD32-220C45AF543B}.Release|x64.Build.0 = Release|Any CPU
		{71F6BD94-AA16-4B55-AD32-220C45AF543B}.Release|x86.ActiveCfg = Release|Any CPU
		{71F6BD94-AA16-4B55-AD32-220C45AF543B}.Release|x86.Build.0 = Release|Any CPU
		{E842F16F-C522-4762-9158-70BB76A5F250}.Debug|Any CPU.ActiveCfg = Debug|Any CPU
		{E842F16F-C522-4762-9158-70BB76A5F250}.Debug|Any CPU.Build.0 = Debug|Any CPU
		{E842F16F-C522-4762-9158-70BB76A5F250}.Debug|x64.ActiveCfg = Debug|Any CPU
		{E842F16F-C522-4762-9158-70BB76A5F250}.Debug|x64.Build.0 = Debug|Any CPU
		{E842F16F-C522-4762-9158-70BB76A5F250}.Debug|x86.ActiveCfg = Debug|Any CPU
		{E842F16F-C522-4762-9158-70BB76A5F250}.Debug|x86.Build.0 = Debug|Any CPU
		{E842F16F-C522-4762-9158-70BB76A5F250}.Release|Any CPU.ActiveCfg = Release|Any CPU
		{E842F16F-C522-4762-9158-70BB76A5F250}.Release|Any CPU.Build.0 = Release|Any CPU
		{E842F16F-C522-4762-9158-70BB76A5F250}.Release|x64.ActiveCfg = Release|Any CPU
		{E842F16F-C522-4762-9158-70BB76A5F250}.Release|x64.Build.0 = Release|Any CPU
		{E842F16F-C522-4762-9158-70BB76A5F250}.Release|x86.ActiveCfg = Release|Any CPU
		{E842F16F-C522-4762-9158-70BB76A5F250}.Release|x86.Build.0 = Release|Any CPU
		{329A2A35-B79D-481E-B9D6-D9E40F53BF5E}.Debug|Any CPU.ActiveCfg = Debug|Any CPU
		{329A2A35-B79D-481E-B9D6-D9E40F53BF5E}.Debug|Any CPU.Build.0 = Debug|Any CPU
		{329A2A35-B79D-481E-B9D6-D9E40F53BF5E}.Debug|x64.ActiveCfg = Debug|Any CPU
		{329A2A35-B79D-481E-B9D6-D9E40F53BF5E}.Debug|x64.Build.0 = Debug|Any CPU
		{329A2A35-B79D-481E-B9D6-D9E40F53BF5E}.Debug|x86.ActiveCfg = Debug|Any CPU
		{329A2A35-B79D-481E-B9D6-D9E40F53BF5E}.Debug|x86.Build.0 = Debug|Any CPU
		{329A2A35-B79D-481E-B9D6-D9E40F53BF5E}.Release|Any CPU.ActiveCfg = Release|Any CPU
		{329A2A35-B79D-481E-B9D6-D9E40F53BF5E}.Release|Any CPU.Build.0 = Release|Any CPU
		{329A2A35-B79D-481E-B9D6-D9E40F53BF5E}.Release|x64.ActiveCfg = Release|Any CPU
		{329A2A35-B79D-481E-B9D6-D9E40F53BF5E}.Release|x64.Build.0 = Release|Any CPU
		{329A2A35-B79D-481E-B9D6-D9E40F53BF5E}.Release|x86.ActiveCfg = Release|Any CPU
		{329A2A35-B79D-481E-B9D6-D9E40F53BF5E}.Release|x86.Build.0 = Release|Any CPU
		{E707EF41-A12E-4F05-976D-FA5785609820}.Debug|Any CPU.ActiveCfg = Debug|Any CPU
		{E707EF41-A12E-4F05-976D-FA5785609820}.Debug|Any CPU.Build.0 = Debug|Any CPU
		{E707EF41-A12E-4F05-976D-FA5785609820}.Debug|x64.ActiveCfg = Debug|Any CPU
		{E707EF41-A12E-4F05-976D-FA5785609820}.Debug|x64.Build.0 = Debug|Any CPU
		{E707EF41-A12E-4F05-976D-FA5785609820}.Debug|x86.ActiveCfg = Debug|Any CPU
		{E707EF41-A12E-4F05-976D-FA5785609820}.Debug|x86.Build.0 = Debug|Any CPU
		{E707EF41-A12E-4F05-976D-FA5785609820}.Release|Any CPU.ActiveCfg = Release|Any CPU
		{E707EF41-A12E-4F05-976D-FA5785609820}.Release|Any CPU.Build.0 = Release|Any CPU
		{E707EF41-A12E-4F05-976D-FA5785609820}.Release|x64.ActiveCfg = Release|Any CPU
		{E707EF41-A12E-4F05-976D-FA5785609820}.Release|x64.Build.0 = Release|Any CPU
		{E707EF41-A12E-4F05-976D-FA5785609820}.Release|x86.ActiveCfg = Release|Any CPU
		{E707EF41-A12E-4F05-976D-FA5785609820}.Release|x86.Build.0 = Release|Any CPU
		{DC18FE9B-F2C9-4353-B965-8320DB33648D}.Debug|Any CPU.ActiveCfg = Debug|Any CPU
		{DC18FE9B-F2C9-4353-B965-8320DB33648D}.Debug|Any CPU.Build.0 = Debug|Any CPU
		{DC18FE9B-F2C9-4353-B965-8320DB33648D}.Debug|x64.ActiveCfg = Debug|Any CPU
		{DC18FE9B-F2C9-4353-B965-8320DB33648D}.Debug|x64.Build.0 = Debug|Any CPU
		{DC18FE9B-F2C9-4353-B965-8320DB33648D}.Debug|x86.ActiveCfg = Debug|Any CPU
		{DC18FE9B-F2C9-4353-B965-8320DB33648D}.Debug|x86.Build.0 = Debug|Any CPU
		{DC18FE9B-F2C9-4353-B965-8320DB33648D}.Release|Any CPU.ActiveCfg = Release|Any CPU
		{DC18FE9B-F2C9-4353-B965-8320DB33648D}.Release|Any CPU.Build.0 = Release|Any CPU
		{DC18FE9B-F2C9-4353-B965-8320DB33648D}.Release|x64.ActiveCfg = Release|Any CPU
		{DC18FE9B-F2C9-4353-B965-8320DB33648D}.Release|x64.Build.0 = Release|Any CPU
		{DC18FE9B-F2C9-4353-B965-8320DB33648D}.Release|x86.ActiveCfg = Release|Any CPU
		{DC18FE9B-F2C9-4353-B965-8320DB33648D}.Release|x86.Build.0 = Release|Any CPU
		{C909DDFF-744F-4CCD-9780-D22E259A6E17}.Debug|Any CPU.ActiveCfg = Debug|Any CPU
		{C909DDFF-744F-4CCD-9780-D22E259A6E17}.Debug|Any CPU.Build.0 = Debug|Any CPU
		{C909DDFF-744F-4CCD-9780-D22E259A6E17}.Debug|x64.ActiveCfg = Debug|Any CPU
		{C909DDFF-744F-4CCD-9780-D22E259A6E17}.Debug|x64.Build.0 = Debug|Any CPU
		{C909DDFF-744F-4CCD-9780-D22E259A6E17}.Debug|x86.ActiveCfg = Debug|Any CPU
		{C909DDFF-744F-4CCD-9780-D22E259A6E17}.Debug|x86.Build.0 = Debug|Any CPU
		{C909DDFF-744F-4CCD-9780-D22E259A6E17}.Release|Any CPU.ActiveCfg = Release|Any CPU
		{C909DDFF-744F-4CCD-9780-D22E259A6E17}.Release|Any CPU.Build.0 = Release|Any CPU
		{C909DDFF-744F-4CCD-9780-D22E259A6E17}.Release|x64.ActiveCfg = Release|Any CPU
		{C909DDFF-744F-4CCD-9780-D22E259A6E17}.Release|x64.Build.0 = Release|Any CPU
		{C909DDFF-744F-4CCD-9780-D22E259A6E17}.Release|x86.ActiveCfg = Release|Any CPU
		{C909DDFF-744F-4CCD-9780-D22E259A6E17}.Release|x86.Build.0 = Release|Any CPU
		{2FB15E13-01DE-41B2-8B05-CB4EDE80663C}.Debug|Any CPU.ActiveCfg = Debug|Any CPU
		{2FB15E13-01DE-41B2-8B05-CB4EDE80663C}.Debug|Any CPU.Build.0 = Debug|Any CPU
		{2FB15E13-01DE-41B2-8B05-CB4EDE80663C}.Debug|x64.ActiveCfg = Debug|Any CPU
		{2FB15E13-01DE-41B2-8B05-CB4EDE80663C}.Debug|x64.Build.0 = Debug|Any CPU
		{2FB15E13-01DE-41B2-8B05-CB4EDE80663C}.Debug|x86.ActiveCfg = Debug|Any CPU
		{2FB15E13-01DE-41B2-8B05-CB4EDE80663C}.Debug|x86.Build.0 = Debug|Any CPU
		{2FB15E13-01DE-41B2-8B05-CB4EDE80663C}.Release|Any CPU.ActiveCfg = Release|Any CPU
		{2FB15E13-01DE-41B2-8B05-CB4EDE80663C}.Release|Any CPU.Build.0 = Release|Any CPU
		{2FB15E13-01DE-41B2-8B05-CB4EDE80663C}.Release|x64.ActiveCfg = Release|Any CPU
		{2FB15E13-01DE-41B2-8B05-CB4EDE80663C}.Release|x64.Build.0 = Release|Any CPU
		{2FB15E13-01DE-41B2-8B05-CB4EDE80663C}.Release|x86.ActiveCfg = Release|Any CPU
		{2FB15E13-01DE-41B2-8B05-CB4EDE80663C}.Release|x86.Build.0 = Release|Any CPU
		{7FB6562D-4D3B-4C06-BEBE-B9675ED06F7A}.Debug|Any CPU.ActiveCfg = Debug|Any CPU
		{7FB6562D-4D3B-4C06-BEBE-B9675ED06F7A}.Debug|Any CPU.Build.0 = Debug|Any CPU
		{7FB6562D-4D3B-4C06-BEBE-B9675ED06F7A}.Debug|x64.ActiveCfg = Debug|Any CPU
		{7FB6562D-4D3B-4C06-BEBE-B9675ED06F7A}.Debug|x64.Build.0 = Debug|Any CPU
		{7FB6562D-4D3B-4C06-BEBE-B9675ED06F7A}.Debug|x86.ActiveCfg = Debug|Any CPU
		{7FB6562D-4D3B-4C06-BEBE-B9675ED06F7A}.Debug|x86.Build.0 = Debug|Any CPU
		{7FB6562D-4D3B-4C06-BEBE-B9675ED06F7A}.Release|Any CPU.ActiveCfg = Release|Any CPU
		{7FB6562D-4D3B-4C06-BEBE-B9675ED06F7A}.Release|Any CPU.Build.0 = Release|Any CPU
		{7FB6562D-4D3B-4C06-BEBE-B9675ED06F7A}.Release|x64.ActiveCfg = Release|Any CPU
		{7FB6562D-4D3B-4C06-BEBE-B9675ED06F7A}.Release|x64.Build.0 = Release|Any CPU
		{7FB6562D-4D3B-4C06-BEBE-B9675ED06F7A}.Release|x86.ActiveCfg = Release|Any CPU
		{7FB6562D-4D3B-4C06-BEBE-B9675ED06F7A}.Release|x86.Build.0 = Release|Any CPU
	EndGlobalSection
	GlobalSection(SolutionProperties) = preSolution
		HideSolutionNode = FALSE
	EndGlobalSection
	GlobalSection(NestedProjects) = preSolution
		{E842F16F-C522-4762-9158-70BB76A5F250} = {2572162A-151F-4A62-A534-FFECC1F6F6F1}
		{329A2A35-B79D-481E-B9D6-D9E40F53BF5E} = {2572162A-151F-4A62-A534-FFECC1F6F6F1}
		{E707EF41-A12E-4F05-976D-FA5785609820} = {2572162A-151F-4A62-A534-FFECC1F6F6F1}
		{DC18FE9B-F2C9-4353-B965-8320DB33648D} = {2572162A-151F-4A62-A534-FFECC1F6F6F1}
		{C909DDFF-744F-4CCD-9780-D22E259A6E17} = {2572162A-151F-4A62-A534-FFECC1F6F6F1}
		{2FB15E13-01DE-41B2-8B05-CB4EDE80663C} = {2572162A-151F-4A62-A534-FFECC1F6F6F1}
		{7FB6562D-4D3B-4C06-BEBE-B9675ED06F7A} = {2572162A-151F-4A62-A534-FFECC1F6F6F1}
	EndGlobalSection
	GlobalSection(ExtensibilityGlobals) = postSolution
		SolutionGuid = {53838DB8-3D0D-4A59-A904-F97195C54D5C}
	EndGlobalSection
EndGlobal
