
Microsoft Visual Studio Solution File, Format Version 12.00
# Visual Studio Version 16
VisualStudioVersion = 16.6.30114.105
MinimumVisualStudioVersion = 10.0.40219.1
Project("{FAE04EC0-301F-11D3-BF4B-00C04F79EFBC}") = "R5T.D1001.Construction", "R5T.D1001.Construction\R5T.D1001.Construction.csproj", "{854A7604-FED3-4AB9-BA50-09D3CED7D331}"
EndProject
Project("{2150E333-8FDC-42A3-9474-1A3956D46DE8}") = "_Dependencies", "_Dependencies", "{7B004EE1-81D9-4B73-94DC-2A2686B76A3E}"
EndProject
Project("{FAE04EC0-301F-11D3-BF4B-00C04F79EFBC}") = "R5T.Plymouth.ProgramAsAService", "..\..\R5T.Plymouth\source\R5T.Plymouth.ProgramAsAService\R5T.Plymouth.ProgramAsAService.csproj", "{BD16C587-BA00-4F41-9ED9-90B073D9A760}"
EndProject
Project("{FAE04EC0-301F-11D3-BF4B-00C04F79EFBC}") = "R5T.T0027.T009", "..\..\R5T.T0027\source\R5T.T0027.T009\R5T.T0027.T009.csproj", "{79C9F751-1049-4CCB-8470-4F5A0671DE50}"
EndProject
Project("{FAE04EC0-301F-11D3-BF4B-00C04F79EFBC}") = "R5T.D1001.I001", "R5T.D1001.I001\R5T.D1001.I001.csproj", "{B2ECDEAC-7E08-4B01-92BE-CE1710BFD334}"
EndProject
Project("{FAE04EC0-301F-11D3-BF4B-00C04F79EFBC}") = "R5T.D1001.Base", "R5T.D1001.Base\R5T.D1001.Base.csproj", "{97C5BD54-ED89-4470-9689-7502B9FAB2D1}"
EndProject
Project("{FAE04EC0-301F-11D3-BF4B-00C04F79EFBC}") = "R5T.Dacia.Extensions", "..\..\R5T.Dacia.Extensions\source\R5T.Dacia.Extensions\R5T.Dacia.Extensions.csproj", "{8EECA0DF-359F-4701-9883-0C66293E9125}"
EndProject
Project("{FAE04EC0-301F-11D3-BF4B-00C04F79EFBC}") = "R5T.Dacia.T002", "..\..\R5T.Dacia\source\R5T.Dacia.T002\R5T.Dacia.T002.csproj", "{E89F6452-3F66-4F84-8D8F-AA3AC212222A}"
EndProject
Global
	GlobalSection(SolutionConfigurationPlatforms) = preSolution
		Debug|Any CPU = Debug|Any CPU
		Debug|x64 = Debug|x64
		Debug|x86 = Debug|x86
		Release|Any CPU = Release|Any CPU
		Release|x64 = Release|x64
		Release|x86 = Release|x86
	EndGlobalSection
	GlobalSection(SolutionProperties) = preSolution
		HideSolutionNode = FALSE
	EndGlobalSection
	GlobalSection(ProjectConfigurationPlatforms) = postSolution
		{854A7604-FED3-4AB9-BA50-09D3CED7D331}.Debug|Any CPU.ActiveCfg = Debug|Any CPU
		{854A7604-FED3-4AB9-BA50-09D3CED7D331}.Debug|Any CPU.Build.0 = Debug|Any CPU
		{854A7604-FED3-4AB9-BA50-09D3CED7D331}.Debug|x64.ActiveCfg = Debug|Any CPU
		{854A7604-FED3-4AB9-BA50-09D3CED7D331}.Debug|x64.Build.0 = Debug|Any CPU
		{854A7604-FED3-4AB9-BA50-09D3CED7D331}.Debug|x86.ActiveCfg = Debug|Any CPU
		{854A7604-FED3-4AB9-BA50-09D3CED7D331}.Debug|x86.Build.0 = Debug|Any CPU
		{854A7604-FED3-4AB9-BA50-09D3CED7D331}.Release|Any CPU.ActiveCfg = Release|Any CPU
		{854A7604-FED3-4AB9-BA50-09D3CED7D331}.Release|Any CPU.Build.0 = Release|Any CPU
		{854A7604-FED3-4AB9-BA50-09D3CED7D331}.Release|x64.ActiveCfg = Release|Any CPU
		{854A7604-FED3-4AB9-BA50-09D3CED7D331}.Release|x64.Build.0 = Release|Any CPU
		{854A7604-FED3-4AB9-BA50-09D3CED7D331}.Release|x86.ActiveCfg = Release|Any CPU
		{854A7604-FED3-4AB9-BA50-09D3CED7D331}.Release|x86.Build.0 = Release|Any CPU
		{BD16C587-BA00-4F41-9ED9-90B073D9A760}.Debug|Any CPU.ActiveCfg = Debug|Any CPU
		{BD16C587-BA00-4F41-9ED9-90B073D9A760}.Debug|Any CPU.Build.0 = Debug|Any CPU
		{BD16C587-BA00-4F41-9ED9-90B073D9A760}.Debug|x64.ActiveCfg = Debug|Any CPU
		{BD16C587-BA00-4F41-9ED9-90B073D9A760}.Debug|x64.Build.0 = Debug|Any CPU
		{BD16C587-BA00-4F41-9ED9-90B073D9A760}.Debug|x86.ActiveCfg = Debug|Any CPU
		{BD16C587-BA00-4F41-9ED9-90B073D9A760}.Debug|x86.Build.0 = Debug|Any CPU
		{BD16C587-BA00-4F41-9ED9-90B073D9A760}.Release|Any CPU.ActiveCfg = Release|Any CPU
		{BD16C587-BA00-4F41-9ED9-90B073D9A760}.Release|Any CPU.Build.0 = Release|Any CPU
		{BD16C587-BA00-4F41-9ED9-90B073D9A760}.Release|x64.ActiveCfg = Release|Any CPU
		{BD16C587-BA00-4F41-9ED9-90B073D9A760}.Release|x64.Build.0 = Release|Any CPU
		{BD16C587-BA00-4F41-9ED9-90B073D9A760}.Release|x86.ActiveCfg = Release|Any CPU
		{BD16C587-BA00-4F41-9ED9-90B073D9A760}.Release|x86.Build.0 = Release|Any CPU
		{79C9F751-1049-4CCB-8470-4F5A0671DE50}.Debug|Any CPU.ActiveCfg = Debug|Any CPU
		{79C9F751-1049-4CCB-8470-4F5A0671DE50}.Debug|Any CPU.Build.0 = Debug|Any CPU
		{79C9F751-1049-4CCB-8470-4F5A0671DE50}.Debug|x64.ActiveCfg = Debug|Any CPU
		{79C9F751-1049-4CCB-8470-4F5A0671DE50}.Debug|x64.Build.0 = Debug|Any CPU
		{79C9F751-1049-4CCB-8470-4F5A0671DE50}.Debug|x86.ActiveCfg = Debug|Any CPU
		{79C9F751-1049-4CCB-8470-4F5A0671DE50}.Debug|x86.Build.0 = Debug|Any CPU
		{79C9F751-1049-4CCB-8470-4F5A0671DE50}.Release|Any CPU.ActiveCfg = Release|Any CPU
		{79C9F751-1049-4CCB-8470-4F5A0671DE50}.Release|Any CPU.Build.0 = Release|Any CPU
		{79C9F751-1049-4CCB-8470-4F5A0671DE50}.Release|x64.ActiveCfg = Release|Any CPU
		{79C9F751-1049-4CCB-8470-4F5A0671DE50}.Release|x64.Build.0 = Release|Any CPU
		{79C9F751-1049-4CCB-8470-4F5A0671DE50}.Release|x86.ActiveCfg = Release|Any CPU
		{79C9F751-1049-4CCB-8470-4F5A0671DE50}.Release|x86.Build.0 = Release|Any CPU
		{B2ECDEAC-7E08-4B01-92BE-CE1710BFD334}.Debug|Any CPU.ActiveCfg = Debug|Any CPU
		{B2ECDEAC-7E08-4B01-92BE-CE1710BFD334}.Debug|Any CPU.Build.0 = Debug|Any CPU
		{B2ECDEAC-7E08-4B01-92BE-CE1710BFD334}.Debug|x64.ActiveCfg = Debug|Any CPU
		{B2ECDEAC-7E08-4B01-92BE-CE1710BFD334}.Debug|x64.Build.0 = Debug|Any CPU
		{B2ECDEAC-7E08-4B01-92BE-CE1710BFD334}.Debug|x86.ActiveCfg = Debug|Any CPU
		{B2ECDEAC-7E08-4B01-92BE-CE1710BFD334}.Debug|x86.Build.0 = Debug|Any CPU
		{B2ECDEAC-7E08-4B01-92BE-CE1710BFD334}.Release|Any CPU.ActiveCfg = Release|Any CPU
		{B2ECDEAC-7E08-4B01-92BE-CE1710BFD334}.Release|Any CPU.Build.0 = Release|Any CPU
		{B2ECDEAC-7E08-4B01-92BE-CE1710BFD334}.Release|x64.ActiveCfg = Release|Any CPU
		{B2ECDEAC-7E08-4B01-92BE-CE1710BFD334}.Release|x64.Build.0 = Release|Any CPU
		{B2ECDEAC-7E08-4B01-92BE-CE1710BFD334}.Release|x86.ActiveCfg = Release|Any CPU
		{B2ECDEAC-7E08-4B01-92BE-CE1710BFD334}.Release|x86.Build.0 = Release|Any CPU
		{97C5BD54-ED89-4470-9689-7502B9FAB2D1}.Debug|Any CPU.ActiveCfg = Debug|Any CPU
		{97C5BD54-ED89-4470-9689-7502B9FAB2D1}.Debug|Any CPU.Build.0 = Debug|Any CPU
		{97C5BD54-ED89-4470-9689-7502B9FAB2D1}.Debug|x64.ActiveCfg = Debug|Any CPU
		{97C5BD54-ED89-4470-9689-7502B9FAB2D1}.Debug|x64.Build.0 = Debug|Any CPU
		{97C5BD54-ED89-4470-9689-7502B9FAB2D1}.Debug|x86.ActiveCfg = Debug|Any CPU
		{97C5BD54-ED89-4470-9689-7502B9FAB2D1}.Debug|x86.Build.0 = Debug|Any CPU
		{97C5BD54-ED89-4470-9689-7502B9FAB2D1}.Release|Any CPU.ActiveCfg = Release|Any CPU
		{97C5BD54-ED89-4470-9689-7502B9FAB2D1}.Release|Any CPU.Build.0 = Release|Any CPU
		{97C5BD54-ED89-4470-9689-7502B9FAB2D1}.Release|x64.ActiveCfg = Release|Any CPU
		{97C5BD54-ED89-4470-9689-7502B9FAB2D1}.Release|x64.Build.0 = Release|Any CPU
		{97C5BD54-ED89-4470-9689-7502B9FAB2D1}.Release|x86.ActiveCfg = Release|Any CPU
		{97C5BD54-ED89-4470-9689-7502B9FAB2D1}.Release|x86.Build.0 = Release|Any CPU
		{8EECA0DF-359F-4701-9883-0C66293E9125}.Debug|Any CPU.ActiveCfg = Debug|Any CPU
		{8EECA0DF-359F-4701-9883-0C66293E9125}.Debug|Any CPU.Build.0 = Debug|Any CPU
		{8EECA0DF-359F-4701-9883-0C66293E9125}.Debug|x64.ActiveCfg = Debug|Any CPU
		{8EECA0DF-359F-4701-9883-0C66293E9125}.Debug|x64.Build.0 = Debug|Any CPU
		{8EECA0DF-359F-4701-9883-0C66293E9125}.Debug|x86.ActiveCfg = Debug|Any CPU
		{8EECA0DF-359F-4701-9883-0C66293E9125}.Debug|x86.Build.0 = Debug|Any CPU
		{8EECA0DF-359F-4701-9883-0C66293E9125}.Release|Any CPU.ActiveCfg = Release|Any CPU
		{8EECA0DF-359F-4701-9883-0C66293E9125}.Release|Any CPU.Build.0 = Release|Any CPU
		{8EECA0DF-359F-4701-9883-0C66293E9125}.Release|x64.ActiveCfg = Release|Any CPU
		{8EECA0DF-359F-4701-9883-0C66293E9125}.Release|x64.Build.0 = Release|Any CPU
		{8EECA0DF-359F-4701-9883-0C66293E9125}.Release|x86.ActiveCfg = Release|Any CPU
		{8EECA0DF-359F-4701-9883-0C66293E9125}.Release|x86.Build.0 = Release|Any CPU
		{E89F6452-3F66-4F84-8D8F-AA3AC212222A}.Debug|Any CPU.ActiveCfg = Debug|Any CPU
		{E89F6452-3F66-4F84-8D8F-AA3AC212222A}.Debug|Any CPU.Build.0 = Debug|Any CPU
		{E89F6452-3F66-4F84-8D8F-AA3AC212222A}.Debug|x64.ActiveCfg = Debug|Any CPU
		{E89F6452-3F66-4F84-8D8F-AA3AC212222A}.Debug|x64.Build.0 = Debug|Any CPU
		{E89F6452-3F66-4F84-8D8F-AA3AC212222A}.Debug|x86.ActiveCfg = Debug|Any CPU
		{E89F6452-3F66-4F84-8D8F-AA3AC212222A}.Debug|x86.Build.0 = Debug|Any CPU
		{E89F6452-3F66-4F84-8D8F-AA3AC212222A}.Release|Any CPU.ActiveCfg = Release|Any CPU
		{E89F6452-3F66-4F84-8D8F-AA3AC212222A}.Release|Any CPU.Build.0 = Release|Any CPU
		{E89F6452-3F66-4F84-8D8F-AA3AC212222A}.Release|x64.ActiveCfg = Release|Any CPU
		{E89F6452-3F66-4F84-8D8F-AA3AC212222A}.Release|x64.Build.0 = Release|Any CPU
		{E89F6452-3F66-4F84-8D8F-AA3AC212222A}.Release|x86.ActiveCfg = Release|Any CPU
		{E89F6452-3F66-4F84-8D8F-AA3AC212222A}.Release|x86.Build.0 = Release|Any CPU
	EndGlobalSection
	GlobalSection(NestedProjects) = preSolution
		{BD16C587-BA00-4F41-9ED9-90B073D9A760} = {7B004EE1-81D9-4B73-94DC-2A2686B76A3E}
		{79C9F751-1049-4CCB-8470-4F5A0671DE50} = {7B004EE1-81D9-4B73-94DC-2A2686B76A3E}
		{8EECA0DF-359F-4701-9883-0C66293E9125} = {7B004EE1-81D9-4B73-94DC-2A2686B76A3E}
		{E89F6452-3F66-4F84-8D8F-AA3AC212222A} = {7B004EE1-81D9-4B73-94DC-2A2686B76A3E}
	EndGlobalSection
EndGlobal
