
Microsoft Visual Studio Solution File, Format Version 12.00
# Visual Studio Version 16
VisualStudioVersion = 16.6.30114.105
MinimumVisualStudioVersion = 10.0.40219.1
Project("{9A19103F-16F7-4668-BE54-9A1E7A4F7556}") = "R5T.D1001.Base", "R5T.D1001.Base\R5T.D1001.Base.csproj", "{75DD389F-BB2C-45CC-BE47-0CB96DDAC057}"
EndProject
Project("{2150E333-8FDC-42A3-9474-1A3956D46DE8}") = "_Dependencies", "_Dependencies", "{8BC33A49-5F7E-4E7D-B4CA-E9ADCA9E1003}"
EndProject
Project("{9A19103F-16F7-4668-BE54-9A1E7A4F7556}") = "R5T.D1001.I001", "R5T.D1001.I001\R5T.D1001.I001.csproj", "{4FB19518-22D5-4505-8B59-9F8DF3071DAB}"
EndProject
Project("{9A19103F-16F7-4668-BE54-9A1E7A4F7556}") = "R5T.T0064", "..\..\R5T.T0064\source\R5T.T0064\R5T.T0064.csproj", "{5BD3B1D8-BBDE-4F01-A855-36D43C1EC890}"
EndProject
Project("{9A19103F-16F7-4668-BE54-9A1E7A4F7556}") = "R5T.T0062.X001", "..\..\R5T.T0062\source\R5T.T0062.X001\R5T.T0062.X001.csproj", "{898D57E0-BAA5-4D55-B992-F9C263731D8E}"
EndProject
Project("{9A19103F-16F7-4668-BE54-9A1E7A4F7556}") = "R5T.Magyar", "..\..\R5T.Magyar\source\R5T.Magyar\R5T.Magyar.csproj", "{29C06409-F977-4C0E-92FB-F54E92855885}"
EndProject
Project("{9A19103F-16F7-4668-BE54-9A1E7A4F7556}") = "R5T.T0063", "..\..\R5T.T0063\source\R5T.T0063\R5T.T0063.csproj", "{C7568120-889A-47D7-AC92-673123EB9D85}"
EndProject
Project("{9A19103F-16F7-4668-BE54-9A1E7A4F7556}") = "R5T.L0013", "..\..\R5T.L0013\source\R5T.L0013\R5T.L0013.csproj", "{3856FFD5-F40B-4865-A7AE-E62F1E5C1C91}"
EndProject
Project("{9A19103F-16F7-4668-BE54-9A1E7A4F7556}") = "R5T.T0062", "..\..\R5T.T0062\source\R5T.T0062\R5T.T0062.csproj", "{3AE545FA-9941-4FD7-89AA-970C25090A15}"
EndProject
Project("{9A19103F-16F7-4668-BE54-9A1E7A4F7556}") = "R5T.T0039.T002", "..\..\R5T.T0039\source\R5T.T0039.T002\R5T.T0039.T002.csproj", "{6FF19AFF-8B84-4A19-9AE9-B79C4CA2AE69}"
EndProject
Project("{FAE04EC0-301F-11D3-BF4B-00C04F79EFBC}") = "R5T.D1001.D001.Base", "R5T.D1001.D001.Base\R5T.D1001.D001.Base.csproj", "{68DCC584-623F-41CA-803D-9ECDCFE6C76B}"
EndProject
Project("{FAE04EC0-301F-11D3-BF4B-00C04F79EFBC}") = "R5T.D1001.D001.I001", "R5T.D1001.D001.I001\R5T.D1001.D001.I001.csproj", "{5D34E57F-F51A-47F9-8323-28015DDA4434}"
EndProject
Global
	GlobalSection(SolutionConfigurationPlatforms) = preSolution
		Debug|Any CPU = Debug|Any CPU
		Debug|x64 = Debug|x64
		Debug|x86 = Debug|x86
		Release|Any CPU = Release|Any CPU
		Release|x64 = Release|x64
		Release|x86 = Release|x86
	EndGlobalSection
	GlobalSection(ProjectConfigurationPlatforms) = postSolution
		{75DD389F-BB2C-45CC-BE47-0CB96DDAC057}.Debug|Any CPU.ActiveCfg = Debug|Any CPU
		{75DD389F-BB2C-45CC-BE47-0CB96DDAC057}.Debug|Any CPU.Build.0 = Debug|Any CPU
		{75DD389F-BB2C-45CC-BE47-0CB96DDAC057}.Debug|x64.ActiveCfg = Debug|Any CPU
		{75DD389F-BB2C-45CC-BE47-0CB96DDAC057}.Debug|x64.Build.0 = Debug|Any CPU
		{75DD389F-BB2C-45CC-BE47-0CB96DDAC057}.Debug|x86.ActiveCfg = Debug|Any CPU
		{75DD389F-BB2C-45CC-BE47-0CB96DDAC057}.Debug|x86.Build.0 = Debug|Any CPU
		{75DD389F-BB2C-45CC-BE47-0CB96DDAC057}.Release|Any CPU.ActiveCfg = Release|Any CPU
		{75DD389F-BB2C-45CC-BE47-0CB96DDAC057}.Release|Any CPU.Build.0 = Release|Any CPU
		{75DD389F-BB2C-45CC-BE47-0CB96DDAC057}.Release|x64.ActiveCfg = Release|Any CPU
		{75DD389F-BB2C-45CC-BE47-0CB96DDAC057}.Release|x64.Build.0 = Release|Any CPU
		{75DD389F-BB2C-45CC-BE47-0CB96DDAC057}.Release|x86.ActiveCfg = Release|Any CPU
		{75DD389F-BB2C-45CC-BE47-0CB96DDAC057}.Release|x86.Build.0 = Release|Any CPU
		{4FB19518-22D5-4505-8B59-9F8DF3071DAB}.Debug|Any CPU.ActiveCfg = Debug|Any CPU
		{4FB19518-22D5-4505-8B59-9F8DF3071DAB}.Debug|Any CPU.Build.0 = Debug|Any CPU
		{4FB19518-22D5-4505-8B59-9F8DF3071DAB}.Debug|x64.ActiveCfg = Debug|Any CPU
		{4FB19518-22D5-4505-8B59-9F8DF3071DAB}.Debug|x64.Build.0 = Debug|Any CPU
		{4FB19518-22D5-4505-8B59-9F8DF3071DAB}.Debug|x86.ActiveCfg = Debug|Any CPU
		{4FB19518-22D5-4505-8B59-9F8DF3071DAB}.Debug|x86.Build.0 = Debug|Any CPU
		{4FB19518-22D5-4505-8B59-9F8DF3071DAB}.Release|Any CPU.ActiveCfg = Release|Any CPU
		{4FB19518-22D5-4505-8B59-9F8DF3071DAB}.Release|Any CPU.Build.0 = Release|Any CPU
		{4FB19518-22D5-4505-8B59-9F8DF3071DAB}.Release|x64.ActiveCfg = Release|Any CPU
		{4FB19518-22D5-4505-8B59-9F8DF3071DAB}.Release|x64.Build.0 = Release|Any CPU
		{4FB19518-22D5-4505-8B59-9F8DF3071DAB}.Release|x86.ActiveCfg = Release|Any CPU
		{4FB19518-22D5-4505-8B59-9F8DF3071DAB}.Release|x86.Build.0 = Release|Any CPU
		{5BD3B1D8-BBDE-4F01-A855-36D43C1EC890}.Debug|Any CPU.ActiveCfg = Debug|Any CPU
		{5BD3B1D8-BBDE-4F01-A855-36D43C1EC890}.Debug|Any CPU.Build.0 = Debug|Any CPU
		{5BD3B1D8-BBDE-4F01-A855-36D43C1EC890}.Debug|x64.ActiveCfg = Debug|Any CPU
		{5BD3B1D8-BBDE-4F01-A855-36D43C1EC890}.Debug|x64.Build.0 = Debug|Any CPU
		{5BD3B1D8-BBDE-4F01-A855-36D43C1EC890}.Debug|x86.ActiveCfg = Debug|Any CPU
		{5BD3B1D8-BBDE-4F01-A855-36D43C1EC890}.Debug|x86.Build.0 = Debug|Any CPU
		{5BD3B1D8-BBDE-4F01-A855-36D43C1EC890}.Release|Any CPU.ActiveCfg = Release|Any CPU
		{5BD3B1D8-BBDE-4F01-A855-36D43C1EC890}.Release|Any CPU.Build.0 = Release|Any CPU
		{5BD3B1D8-BBDE-4F01-A855-36D43C1EC890}.Release|x64.ActiveCfg = Release|Any CPU
		{5BD3B1D8-BBDE-4F01-A855-36D43C1EC890}.Release|x64.Build.0 = Release|Any CPU
		{5BD3B1D8-BBDE-4F01-A855-36D43C1EC890}.Release|x86.ActiveCfg = Release|Any CPU
		{5BD3B1D8-BBDE-4F01-A855-36D43C1EC890}.Release|x86.Build.0 = Release|Any CPU
		{898D57E0-BAA5-4D55-B992-F9C263731D8E}.Debug|Any CPU.ActiveCfg = Debug|Any CPU
		{898D57E0-BAA5-4D55-B992-F9C263731D8E}.Debug|Any CPU.Build.0 = Debug|Any CPU
		{898D57E0-BAA5-4D55-B992-F9C263731D8E}.Debug|x64.ActiveCfg = Debug|Any CPU
		{898D57E0-BAA5-4D55-B992-F9C263731D8E}.Debug|x64.Build.0 = Debug|Any CPU
		{898D57E0-BAA5-4D55-B992-F9C263731D8E}.Debug|x86.ActiveCfg = Debug|Any CPU
		{898D57E0-BAA5-4D55-B992-F9C263731D8E}.Debug|x86.Build.0 = Debug|Any CPU
		{898D57E0-BAA5-4D55-B992-F9C263731D8E}.Release|Any CPU.ActiveCfg = Release|Any CPU
		{898D57E0-BAA5-4D55-B992-F9C263731D8E}.Release|Any CPU.Build.0 = Release|Any CPU
		{898D57E0-BAA5-4D55-B992-F9C263731D8E}.Release|x64.ActiveCfg = Release|Any CPU
		{898D57E0-BAA5-4D55-B992-F9C263731D8E}.Release|x64.Build.0 = Release|Any CPU
		{898D57E0-BAA5-4D55-B992-F9C263731D8E}.Release|x86.ActiveCfg = Release|Any CPU
		{898D57E0-BAA5-4D55-B992-F9C263731D8E}.Release|x86.Build.0 = Release|Any CPU
		{29C06409-F977-4C0E-92FB-F54E92855885}.Debug|Any CPU.ActiveCfg = Debug|Any CPU
		{29C06409-F977-4C0E-92FB-F54E92855885}.Debug|Any CPU.Build.0 = Debug|Any CPU
		{29C06409-F977-4C0E-92FB-F54E92855885}.Debug|x64.ActiveCfg = Debug|Any CPU
		{29C06409-F977-4C0E-92FB-F54E92855885}.Debug|x64.Build.0 = Debug|Any CPU
		{29C06409-F977-4C0E-92FB-F54E92855885}.Debug|x86.ActiveCfg = Debug|Any CPU
		{29C06409-F977-4C0E-92FB-F54E92855885}.Debug|x86.Build.0 = Debug|Any CPU
		{29C06409-F977-4C0E-92FB-F54E92855885}.Release|Any CPU.ActiveCfg = Release|Any CPU
		{29C06409-F977-4C0E-92FB-F54E92855885}.Release|Any CPU.Build.0 = Release|Any CPU
		{29C06409-F977-4C0E-92FB-F54E92855885}.Release|x64.ActiveCfg = Release|Any CPU
		{29C06409-F977-4C0E-92FB-F54E92855885}.Release|x64.Build.0 = Release|Any CPU
		{29C06409-F977-4C0E-92FB-F54E92855885}.Release|x86.ActiveCfg = Release|Any CPU
		{29C06409-F977-4C0E-92FB-F54E92855885}.Release|x86.Build.0 = Release|Any CPU
		{C7568120-889A-47D7-AC92-673123EB9D85}.Debug|Any CPU.ActiveCfg = Debug|Any CPU
		{C7568120-889A-47D7-AC92-673123EB9D85}.Debug|Any CPU.Build.0 = Debug|Any CPU
		{C7568120-889A-47D7-AC92-673123EB9D85}.Debug|x64.ActiveCfg = Debug|Any CPU
		{C7568120-889A-47D7-AC92-673123EB9D85}.Debug|x64.Build.0 = Debug|Any CPU
		{C7568120-889A-47D7-AC92-673123EB9D85}.Debug|x86.ActiveCfg = Debug|Any CPU
		{C7568120-889A-47D7-AC92-673123EB9D85}.Debug|x86.Build.0 = Debug|Any CPU
		{C7568120-889A-47D7-AC92-673123EB9D85}.Release|Any CPU.ActiveCfg = Release|Any CPU
		{C7568120-889A-47D7-AC92-673123EB9D85}.Release|Any CPU.Build.0 = Release|Any CPU
		{C7568120-889A-47D7-AC92-673123EB9D85}.Release|x64.ActiveCfg = Release|Any CPU
		{C7568120-889A-47D7-AC92-673123EB9D85}.Release|x64.Build.0 = Release|Any CPU
		{C7568120-889A-47D7-AC92-673123EB9D85}.Release|x86.ActiveCfg = Release|Any CPU
		{C7568120-889A-47D7-AC92-673123EB9D85}.Release|x86.Build.0 = Release|Any CPU
		{3856FFD5-F40B-4865-A7AE-E62F1E5C1C91}.Debug|Any CPU.ActiveCfg = Debug|Any CPU
		{3856FFD5-F40B-4865-A7AE-E62F1E5C1C91}.Debug|Any CPU.Build.0 = Debug|Any CPU
		{3856FFD5-F40B-4865-A7AE-E62F1E5C1C91}.Debug|x64.ActiveCfg = Debug|Any CPU
		{3856FFD5-F40B-4865-A7AE-E62F1E5C1C91}.Debug|x64.Build.0 = Debug|Any CPU
		{3856FFD5-F40B-4865-A7AE-E62F1E5C1C91}.Debug|x86.ActiveCfg = Debug|Any CPU
		{3856FFD5-F40B-4865-A7AE-E62F1E5C1C91}.Debug|x86.Build.0 = Debug|Any CPU
		{3856FFD5-F40B-4865-A7AE-E62F1E5C1C91}.Release|Any CPU.ActiveCfg = Release|Any CPU
		{3856FFD5-F40B-4865-A7AE-E62F1E5C1C91}.Release|Any CPU.Build.0 = Release|Any CPU
		{3856FFD5-F40B-4865-A7AE-E62F1E5C1C91}.Release|x64.ActiveCfg = Release|Any CPU
		{3856FFD5-F40B-4865-A7AE-E62F1E5C1C91}.Release|x64.Build.0 = Release|Any CPU
		{3856FFD5-F40B-4865-A7AE-E62F1E5C1C91}.Release|x86.ActiveCfg = Release|Any CPU
		{3856FFD5-F40B-4865-A7AE-E62F1E5C1C91}.Release|x86.Build.0 = Release|Any CPU
		{3AE545FA-9941-4FD7-89AA-970C25090A15}.Debug|Any CPU.ActiveCfg = Debug|Any CPU
		{3AE545FA-9941-4FD7-89AA-970C25090A15}.Debug|Any CPU.Build.0 = Debug|Any CPU
		{3AE545FA-9941-4FD7-89AA-970C25090A15}.Debug|x64.ActiveCfg = Debug|Any CPU
		{3AE545FA-9941-4FD7-89AA-970C25090A15}.Debug|x64.Build.0 = Debug|Any CPU
		{3AE545FA-9941-4FD7-89AA-970C25090A15}.Debug|x86.ActiveCfg = Debug|Any CPU
		{3AE545FA-9941-4FD7-89AA-970C25090A15}.Debug|x86.Build.0 = Debug|Any CPU
		{3AE545FA-9941-4FD7-89AA-970C25090A15}.Release|Any CPU.ActiveCfg = Release|Any CPU
		{3AE545FA-9941-4FD7-89AA-970C25090A15}.Release|Any CPU.Build.0 = Release|Any CPU
		{3AE545FA-9941-4FD7-89AA-970C25090A15}.Release|x64.ActiveCfg = Release|Any CPU
		{3AE545FA-9941-4FD7-89AA-970C25090A15}.Release|x64.Build.0 = Release|Any CPU
		{3AE545FA-9941-4FD7-89AA-970C25090A15}.Release|x86.ActiveCfg = Release|Any CPU
		{3AE545FA-9941-4FD7-89AA-970C25090A15}.Release|x86.Build.0 = Release|Any CPU
		{6FF19AFF-8B84-4A19-9AE9-B79C4CA2AE69}.Debug|Any CPU.ActiveCfg = Debug|Any CPU
		{6FF19AFF-8B84-4A19-9AE9-B79C4CA2AE69}.Debug|Any CPU.Build.0 = Debug|Any CPU
		{6FF19AFF-8B84-4A19-9AE9-B79C4CA2AE69}.Debug|x64.ActiveCfg = Debug|Any CPU
		{6FF19AFF-8B84-4A19-9AE9-B79C4CA2AE69}.Debug|x64.Build.0 = Debug|Any CPU
		{6FF19AFF-8B84-4A19-9AE9-B79C4CA2AE69}.Debug|x86.ActiveCfg = Debug|Any CPU
		{6FF19AFF-8B84-4A19-9AE9-B79C4CA2AE69}.Debug|x86.Build.0 = Debug|Any CPU
		{6FF19AFF-8B84-4A19-9AE9-B79C4CA2AE69}.Release|Any CPU.ActiveCfg = Release|Any CPU
		{6FF19AFF-8B84-4A19-9AE9-B79C4CA2AE69}.Release|Any CPU.Build.0 = Release|Any CPU
		{6FF19AFF-8B84-4A19-9AE9-B79C4CA2AE69}.Release|x64.ActiveCfg = Release|Any CPU
		{6FF19AFF-8B84-4A19-9AE9-B79C4CA2AE69}.Release|x64.Build.0 = Release|Any CPU
		{6FF19AFF-8B84-4A19-9AE9-B79C4CA2AE69}.Release|x86.ActiveCfg = Release|Any CPU
		{6FF19AFF-8B84-4A19-9AE9-B79C4CA2AE69}.Release|x86.Build.0 = Release|Any CPU
		{68DCC584-623F-41CA-803D-9ECDCFE6C76B}.Debug|Any CPU.ActiveCfg = Debug|Any CPU
		{68DCC584-623F-41CA-803D-9ECDCFE6C76B}.Debug|Any CPU.Build.0 = Debug|Any CPU
		{68DCC584-623F-41CA-803D-9ECDCFE6C76B}.Debug|x64.ActiveCfg = Debug|Any CPU
		{68DCC584-623F-41CA-803D-9ECDCFE6C76B}.Debug|x64.Build.0 = Debug|Any CPU
		{68DCC584-623F-41CA-803D-9ECDCFE6C76B}.Debug|x86.ActiveCfg = Debug|Any CPU
		{68DCC584-623F-41CA-803D-9ECDCFE6C76B}.Debug|x86.Build.0 = Debug|Any CPU
		{68DCC584-623F-41CA-803D-9ECDCFE6C76B}.Release|Any CPU.ActiveCfg = Release|Any CPU
		{68DCC584-623F-41CA-803D-9ECDCFE6C76B}.Release|Any CPU.Build.0 = Release|Any CPU
		{68DCC584-623F-41CA-803D-9ECDCFE6C76B}.Release|x64.ActiveCfg = Release|Any CPU
		{68DCC584-623F-41CA-803D-9ECDCFE6C76B}.Release|x64.Build.0 = Release|Any CPU
		{68DCC584-623F-41CA-803D-9ECDCFE6C76B}.Release|x86.ActiveCfg = Release|Any CPU
		{68DCC584-623F-41CA-803D-9ECDCFE6C76B}.Release|x86.Build.0 = Release|Any CPU
		{5D34E57F-F51A-47F9-8323-28015DDA4434}.Debug|Any CPU.ActiveCfg = Debug|Any CPU
		{5D34E57F-F51A-47F9-8323-28015DDA4434}.Debug|Any CPU.Build.0 = Debug|Any CPU
		{5D34E57F-F51A-47F9-8323-28015DDA4434}.Debug|x64.ActiveCfg = Debug|Any CPU
		{5D34E57F-F51A-47F9-8323-28015DDA4434}.Debug|x64.Build.0 = Debug|Any CPU
		{5D34E57F-F51A-47F9-8323-28015DDA4434}.Debug|x86.ActiveCfg = Debug|Any CPU
		{5D34E57F-F51A-47F9-8323-28015DDA4434}.Debug|x86.Build.0 = Debug|Any CPU
		{5D34E57F-F51A-47F9-8323-28015DDA4434}.Release|Any CPU.ActiveCfg = Release|Any CPU
		{5D34E57F-F51A-47F9-8323-28015DDA4434}.Release|Any CPU.Build.0 = Release|Any CPU
		{5D34E57F-F51A-47F9-8323-28015DDA4434}.Release|x64.ActiveCfg = Release|Any CPU
		{5D34E57F-F51A-47F9-8323-28015DDA4434}.Release|x64.Build.0 = Release|Any CPU
		{5D34E57F-F51A-47F9-8323-28015DDA4434}.Release|x86.ActiveCfg = Release|Any CPU
		{5D34E57F-F51A-47F9-8323-28015DDA4434}.Release|x86.Build.0 = Release|Any CPU
	EndGlobalSection
	GlobalSection(SolutionProperties) = preSolution
		HideSolutionNode = FALSE
	EndGlobalSection
	GlobalSection(NestedProjects) = preSolution
		{5BD3B1D8-BBDE-4F01-A855-36D43C1EC890} = {8BC33A49-5F7E-4E7D-B4CA-E9ADCA9E1003}
		{898D57E0-BAA5-4D55-B992-F9C263731D8E} = {8BC33A49-5F7E-4E7D-B4CA-E9ADCA9E1003}
		{29C06409-F977-4C0E-92FB-F54E92855885} = {8BC33A49-5F7E-4E7D-B4CA-E9ADCA9E1003}
		{C7568120-889A-47D7-AC92-673123EB9D85} = {8BC33A49-5F7E-4E7D-B4CA-E9ADCA9E1003}
		{3856FFD5-F40B-4865-A7AE-E62F1E5C1C91} = {8BC33A49-5F7E-4E7D-B4CA-E9ADCA9E1003}
		{3AE545FA-9941-4FD7-89AA-970C25090A15} = {8BC33A49-5F7E-4E7D-B4CA-E9ADCA9E1003}
		{6FF19AFF-8B84-4A19-9AE9-B79C4CA2AE69} = {8BC33A49-5F7E-4E7D-B4CA-E9ADCA9E1003}
	EndGlobalSection
	GlobalSection(ExtensibilityGlobals) = postSolution
		SolutionGuid = {98E046FF-1246-4F01-8A71-3C83C476DE4B}
	EndGlobalSection
EndGlobal
